<?xml version="1.0" encoding="UTF-8"?>
<CONFIG>
  <ProjectOptions>
    <Version Value="9"/>
    <PathDelim Value="\"/>
    <General>
      <SessionStorage Value="InProjectDir"/>
      <MainUnit Value="0"/>
      <Title Value="M3T - Estoque"/>
      <ResourceType Value="res"/>
      <UseXPManifest Value="True"/>
      <XPManifest>
        <ExecutionLevel Value="2"/>
      </XPManifest>
      <Icon Value="0"/>
    </General>
    <i18n>
      <EnableI18N LFM="False"/>
    </i18n>
    <VersionInfo>
      <StringTable ProductVersion=""/>
    </VersionInfo>
    <BuildModes Count="1">
      <Item1 Name="Default" Default="True"/>
    </BuildModes>
    <PublishOptions>
      <Version Value="2"/>
      <DestinationDirectory Value="C:\Users\Matheus Kruger\Desktop"/>
    </PublishOptions>
    <RunParams>
      <local>
        <FormatVersion Value="1"/>
      </local>
    </RunParams>
    <RequiredPackages Count="8">
      <Item1>
        <PackageName Value="Printer4Lazarus"/>
      </Item1>
      <Item2>
        <PackageName Value="lazreport"/>
      </Item2>
      <Item3>
        <PackageName Value="FCL"/>
      </Item3>
      <Item4>
        <PackageName Value="SDFLaz"/>
      </Item4>
      <Item5>
        <PackageName Value="DBFLaz"/>
      </Item5>
      <Item6>
        <PackageName Value="SQLDBLaz"/>
      </Item6>
      <Item7>
        <PackageName Value="IDEIntf"/>
      </Item7>
      <Item8>
        <PackageName Value="LCL"/>
      </Item8>
    </RequiredPackages>
    <Units Count="6">
      <Unit0>
        <Filename Value="m3testoque.lpr"/>
        <IsPartOfProject Value="True"/>
      </Unit0>
      <Unit1>
        <Filename Value="menu.pas"/>
        <IsPartOfProject Value="True"/>
        <ComponentName Value="FormMenu"/>
        <HasResources Value="True"/>
        <ResourceBaseClass Value="Form"/>
      </Unit1>
      <Unit2>
        <Filename Value="cadastro.pas"/>
        <IsPartOfProject Value="True"/>
        <ComponentName Value="FormCadastro"/>
        <HasResources Value="True"/>
        <ResourceBaseClass Value="Form"/>
      </Unit2>
      <Unit3>
        <Filename Value="relatorio.pas"/>
        <IsPartOfProject Value="True"/>
        <ComponentName Value="FormRelatorio"/>
        <HasResources Value="True"/>
        <ResourceBaseClass Value="Form"/>
      </Unit3>
      <Unit4>
        <Filename Value="sobre.pas"/>
        <IsPartOfProject Value="True"/>
        <ComponentName Value="FrameSobre"/>
        <HasResources Value="True"/>
        <ResourceBaseClass Value="Frame"/>
      </Unit4>
      <Unit5>
        <Filename Value="sobre.pas"/>
        <IsPartOfProject Value="True"/>
        <ComponentName Value="FormSobre"/>
        <ResourceBaseClass Value="Form"/>
      </Unit5>
    </Units>
  </ProjectOptions>
  <CompilerOptions>
    <Version Value="11"/>
    <PathDelim Value="\"/>
    <Target>
      <Filename Value="m3testoque"/>
    </Target>
    <SearchPaths>
      <IncludeFiles Value="$(ProjOutDir)"/>
      <UnitOutputDirectory Value="lib\$(TargetCPU)-$(TargetOS)"/>
    </SearchPaths>
    <Linking>
      <Options>
        <Win32>
          <GraphicApplication Value="True"/>
        </Win32>
      </Options>
    </Linking>
  </CompilerOptions>
  <Debugging>
    <Exceptions Count="3">
      <Item1>
        <Name Value="EAbort"/>
      </Item1>
      <Item2>
        <Name Value="ECodetoolError"/>
      </Item2>
      <Item3>
        <Name Value="EFOpenError"/>
      </Item3>
    </Exceptions>
  </Debugging>
</CONFIG>
